# This file was autogenerated by uv via the following command:
#    uv export --format requirements.txt --no-hashes --no-emit-project --frozen --output-file requirements.lock
aiofiles==25.1.0
    # via dcgameserverhelper
aiohappyeyeballs==2.6.1
    # via aiohttp
aiohttp==3.13.5
    # via
    #   dcgameserverhelper
    #   discord-py
aiosignal==1.4.0
    # via aiohttp
aiosqlite==0.22.1
    # via dcgameserverhelper
attrs==26.1.0
    # via aiohttp
audioop-lts==0.2.2 ; python_full_version >= '3.13'
    # via discord-py
certifi==2026.4.22
    # via requests
charset-normalizer==3.4.7
    # via requests
colorama==0.4.6 ; sys_platform == 'win32'
    # via tqdm
contourpy==1.3.3
    # via matplotlib
cycler==0.12.1
    # via matplotlib
discord-py==2.7.1
    # via dcgameserverhelper
fonttools==4.62.1
    # via matplotlib
frozenlist==1.8.0
    # via
    #   aiohttp
    #   aiosignal
idna==3.13
    # via
    #   requests
    #   yarl
kiwisolver==1.5.0
    # via matplotlib
matplotlib==3.10.9
    # via dcgameserverhelper
multidict==6.7.1
    # via
    #   aiohttp
    #   yarl
numpy==2.4.4
    # via
    #   contourpy
    #   matplotlib
packaging==26.2
    # via matplotlib
pillow==12.2.0
    # via
    #   dcgameserverhelper
    #   matplotlib
propcache==0.4.1
    # via
    #   aiohttp
    #   yarl
pyparsing==3.3.2
    # via matplotlib
pysimplegui==4.60.5.1
    # via dcgameserverhelper
python-dateutil==2.9.0.post0
    # via matplotlib
requests==2.33.1
    # via dcgameserverhelper
ruamel-yaml==0.19.1
    # via dcgameserverhelper
six==1.17.0
    # via python-dateutil
tqdm==4.67.3
    # via dcgameserverhelper
typing-extensions==4.15.0 ; python_full_version < '3.13'
    # via aiosignal
urllib3==2.6.3
    # via requests
yarl==1.23.0
    # via aiohttp
